// !$*UTF8*$!
{
	archiveVersion = 1;
	classes = {
	};
	objectVersion = 46;
	objects = {

/* Begin PBXBuildFile section */
		2CB9E9B6ED8CC3136333AA16 /* Pods_HiU.framework in Frameworks */ = {isa = PBXBuildFile; fileRef = DD617EF0C449BE33C238E3D3 /* Pods_HiU.framework */; };
		4685FCA11F94393E0032CA66 /* Navigation.storyboard in Resources */ = {isa = PBXBuildFile; fileRef = 4685FCA01F94393E0032CA66 /* Navigation.storyboard */; };
		4685FCA31F943AD60032CA66 /* Login.swift in Sources */ = {isa = PBXBuildFile; fileRef = 4685FCA21F943AD60032CA66 /* Login.swift */; };
		46E28CC11F70B8510019CE74 /* AppDelegate.swift in Sources */ = {isa = PBXBuildFile; fileRef = 46E28CC01F70B8510019CE74 /* AppDelegate.swift */; };
		46E28CC31F70B8510019CE74 /* ViewController.swift in Sources */ = {isa = PBXBuildFile; fileRef = 46E28CC21F70B8510019CE74 /* ViewController.swift */; };
		46E28CC61F70B8510019CE74 /* Main.storyboard in Resources */ = {isa = PBXBuildFile; fileRef = 46E28CC41F70B8510019CE74 /* Main.storyboard */; };
		46E28CC81F70B8510019CE74 /* Assets.xcassets in Resources */ = {isa = PBXBuildFile; fileRef = 46E28CC71F70B8510019CE74 /* Assets.xcassets */; };
		46E28CCB1F70B8510019CE74 /* LaunchScreen.storyboard in Resources */ = {isa = PBXBuildFile; fileRef = 46E28CC91F70B8510019CE74 /* LaunchScreen.storyboard */; };
		46E28CD61F70B8510019CE74 /* HiUTests.swift in Sources */ = {isa = PBXBuildFile; fileRef = 46E28CD51F70B8510019CE74 /* HiUTests.swift */; };
		46E28CE11F70B8510019CE74 /* HiUUITests.swift in Sources */ = {isa = PBXBuildFile; fileRef = 46E28CE01F70B8510019CE74 /* HiUUITests.swift */; };
		46FCB1891F841FB500A65499 /* Login.storyboard in Resources */ = {isa = PBXBuildFile; fileRef = 46FCB1881F841FB500A65499 /* Login.storyboard */; };
		46FCB1F11F8D716900A65499 /* Swift+Gif.swift in Sources */ = {isa = PBXBuildFile; fileRef = 46FCB1F01F8D716900A65499 /* Swift+Gif.swift */; };
		860146312070ECA3008BE48C /* Shared.swift in Sources */ = {isa = PBXBuildFile; fileRef = 860146302070ECA3008BE48C /* Shared.swift */; };
		860149772070FE12008BE48C /* gi3_3_u.gif in Resources */ = {isa = PBXBuildFile; fileRef = 8601496C2070FE12008BE48C /* gi3_3_u.gif */; };
		860149782070FE12008BE48C /* gif_1.gif in Resources */ = {isa = PBXBuildFile; fileRef = 8601496D2070FE12008BE48C /* gif_1.gif */; };
		860149792070FE12008BE48C /* gif_2.gif in Resources */ = {isa = PBXBuildFile; fileRef = 8601496E2070FE12008BE48C /* gif_2.gif */; };
		8601497A2070FE12008BE48C /* gif_3.gif in Resources */ = {isa = PBXBuildFile; fileRef = 8601496F2070FE12008BE48C /* gif_3.gif */; };
		8601497B2070FE12008BE48C /* gif_3_s.gif in Resources */ = {isa = PBXBuildFile; fileRef = 860149702070FE12008BE48C /* gif_3_s.gif */; };
		8601497C2070FE12008BE48C /* gif_4.gif in Resources */ = {isa = PBXBuildFile; fileRef = 860149712070FE12008BE48C /* gif_4.gif */; };
		8601497D2070FE12008BE48C /* gif_smart.gif in Resources */ = {isa = PBXBuildFile; fileRef = 860149722070FE12008BE48C /* gif_smart.gif */; };
		8601497E2070FE12008BE48C /* gif_splash.gif in Resources */ = {isa = PBXBuildFile; fileRef = 860149732070FE12008BE48C /* gif_splash.gif */; };
		8601497F2070FE12008BE48C /* logo 1_2.gif in Resources */ = {isa = PBXBuildFile; fileRef = 860149742070FE12008BE48C /* logo 1_2.gif */; };
		860149802070FE12008BE48C /* logo1_1.gif in Resources */ = {isa = PBXBuildFile; fileRef = 860149752070FE12008BE48C /* logo1_1.gif */; };
		860149812070FE12008BE48C /* logo5.gif in Resources */ = {isa = PBXBuildFile; fileRef = 860149762070FE12008BE48C /* logo5.gif */; };
		860149952070FE86008BE48C /* Nanami-Black.otf in Resources */ = {isa = PBXBuildFile; fileRef = 860149832070FE86008BE48C /* Nanami-Black.otf */; };
		860149962070FE86008BE48C /* Nanami-BlackOblique.otf in Resources */ = {isa = PBXBuildFile; fileRef = 860149842070FE86008BE48C /* Nanami-BlackOblique.otf */; };
		860149972070FE86008BE48C /* Nanami-Bold.otf in Resources */ = {isa = PBXBuildFile; fileRef = 860149852070FE86008BE48C /* Nanami-Bold.otf */; };
		860149982070FE86008BE48C /* Nanami-BoldOblique.otf in Resources */ = {isa = PBXBuildFile; fileRef = 860149862070FE86008BE48C /* Nanami-BoldOblique.otf */; };
		860149992070FE86008BE48C /* Nanami-Book.otf in Resources */ = {isa = PBXBuildFile; fileRef = 860149872070FE86008BE48C /* Nanami-Book.otf */; };
		8601499A2070FE86008BE48C /* Nanami-BookOblique.otf in Resources */ = {isa = PBXBuildFile; fileRef = 860149882070FE86008BE48C /* Nanami-BookOblique.otf */; };
		8601499B2070FE86008BE48C /* Nanami-ExtraLight.otf in Resources */ = {isa = PBXBuildFile; fileRef = 860149892070FE86008BE48C /* Nanami-ExtraLight.otf */; };
		8601499C2070FE86008BE48C /* Nanami-ExtraLightOblique.otf in Resources */ = {isa = PBXBuildFile; fileRef = 8601498A2070FE86008BE48C /* Nanami-ExtraLightOblique.otf */; };
		8601499D2070FE86008BE48C /* Nanami-Heavy.otf in Resources */ = {isa = PBXBuildFile; fileRef = 8601498B2070FE86008BE48C /* Nanami-Heavy.otf */; };
		8601499E2070FE86008BE48C /* Nanami-HeavyOblique.otf in Resources */ = {isa = PBXBuildFile; fileRef = 8601498C2070FE86008BE48C /* Nanami-HeavyOblique.otf */; };
		8601499F2070FE86008BE48C /* Nanami-Light.otf in Resources */ = {isa = PBXBuildFile; fileRef = 8601498D2070FE86008BE48C /* Nanami-Light.otf */; };
		860149A02070FE86008BE48C /* Nanami-LightOblique.otf in Resources */ = {isa = PBXBuildFile; fileRef = 8601498E2070FE86008BE48C /* Nanami-LightOblique.otf */; };
		860149A12070FE86008BE48C /* Nanami-OutlineOblique.otf in Resources */ = {isa = PBXBuildFile; fileRef = 8601498F2070FE86008BE48C /* Nanami-OutlineOblique.otf */; };
		860149A22070FE86008BE48C /* Nanami-OutlineRegular.otf in Resources */ = {isa = PBXBuildFile; fileRef = 860149902070FE86008BE48C /* Nanami-OutlineRegular.otf */; };
		860149A32070FE86008BE48C /* Nanami-Regular.otf in Resources */ = {isa = PBXBuildFile; fileRef = 860149912070FE86008BE48C /* Nanami-Regular.otf */; };
		860149A42070FE86008BE48C /* Nanami-RegularOblique.otf in Resources */ = {isa = PBXBuildFile; fileRef = 860149922070FE86008BE48C /* Nanami-RegularOblique.otf */; };
		860149A52070FE86008BE48C /* Nanami-Thin.otf in Resources */ = {isa = PBXBuildFile; fileRef = 860149932070FE86008BE48C /* Nanami-Thin.otf */; };
		860149A62070FE86008BE48C /* Nanami-ThinOblique.otf in Resources */ = {isa = PBXBuildFile; fileRef = 860149942070FE86008BE48C /* Nanami-ThinOblique.otf */; };
		860149A82071039D008BE48C /* MessageInitialTableViewCell.swift in Sources */ = {isa = PBXBuildFile; fileRef = 860149A72071039D008BE48C /* MessageInitialTableViewCell.swift */; };
		860149AA20710E91008BE48C /* MessageLuckyNameTableViewCell.swift in Sources */ = {isa = PBXBuildFile; fileRef = 860149A920710E91008BE48C /* MessageLuckyNameTableViewCell.swift */; };
		861842BF20821E72004E76FB /* MessageTableViewCell.swift in Sources */ = {isa = PBXBuildFile; fileRef = 861842BE20821E72004E76FB /* MessageTableViewCell.swift */; };
		86199A2520AE0C34002295D1 /* CharityViewController.swift in Sources */ = {isa = PBXBuildFile; fileRef = 86199A2420AE0C34002295D1 /* CharityViewController.swift */; };
		8696B2B820926AF0002F1C31 /* MessageNextTableViewCell.swift in Sources */ = {isa = PBXBuildFile; fileRef = 8696B2B720926AF0002F1C31 /* MessageNextTableViewCell.swift */; };
		86B4546520040F1000BD6133 /* Localizable.strings in Resources */ = {isa = PBXBuildFile; fileRef = 86B4546420040F1000BD6133 /* Localizable.strings */; };
		86B5DBE7208FC5C000601CC0 /* MessageValueTableViewCell.swift in Sources */ = {isa = PBXBuildFile; fileRef = 86B5DBE6208FC5C000601CC0 /* MessageValueTableViewCell.swift */; };
		86B5DBE9208FCD0200601CC0 /* NiceButton.swift in Sources */ = {isa = PBXBuildFile; fileRef = 86B5DBE8208FCD0200601CC0 /* NiceButton.swift */; };
		86BC19C92045DE4A00B84785 /* DashboardModal.swift in Sources */ = {isa = PBXBuildFile; fileRef = 86BC19C82045DE4A00B84785 /* DashboardModal.swift */; };
		86BC19CC2045DE9F00B84785 /* DashboardTableViewCell.swift in Sources */ = {isa = PBXBuildFile; fileRef = 86BC19CB2045DE9F00B84785 /* DashboardTableViewCell.swift */; };
		86BC19D42045DF5000B84785 /* DashboardViewController.swift in Sources */ = {isa = PBXBuildFile; fileRef = 86BC19CF2045DF5000B84785 /* DashboardViewController.swift */; };
		86BC19D52045DF5000B84785 /* DashboardCategoryViewController.swift in Sources */ = {isa = PBXBuildFile; fileRef = 86BC19D02045DF5000B84785 /* DashboardCategoryViewController.swift */; };
		86BC19D62045DF5000B84785 /* MenuViewController.swift in Sources */ = {isa = PBXBuildFile; fileRef = 86BC19D12045DF5000B84785 /* MenuViewController.swift */; };
		86BC19D72045DF5000B84785 /* DashboardCountryViewController.swift in Sources */ = {isa = PBXBuildFile; fileRef = 86BC19D22045DF5000B84785 /* DashboardCountryViewController.swift */; };
		86BC19D82045DF5000B84785 /* DashboardNameViewController.swift in Sources */ = {isa = PBXBuildFile; fileRef = 86BC19D32045DF5000B84785 /* DashboardNameViewController.swift */; };
		86BC19DA2045E3CC00B84785 /* Helper.swift in Sources */ = {isa = PBXBuildFile; fileRef = 86BC19D92045E3CC00B84785 /* Helper.swift */; };
		86C8FE05204F21F500D5B9D6 /* MessageViewController.swift in Sources */ = {isa = PBXBuildFile; fileRef = 86C8FE04204F21F500D5B9D6 /* MessageViewController.swift */; };
		86F937B020B4A50D008065CC /* CustomOverlayView.swift in Sources */ = {isa = PBXBuildFile; fileRef = 86F937AD20B4A50D008065CC /* CustomOverlayView.swift */; };
		86F937B120B4A50D008065CC /* CustomKolodaView.swift in Sources */ = {isa = PBXBuildFile; fileRef = 86F937AE20B4A50D008065CC /* CustomKolodaView.swift */; };
		86F937B220B4A50D008065CC /* CustomOverlayView.xib in Resources */ = {isa = PBXBuildFile; fileRef = 86F937AF20B4A50D008065CC /* CustomOverlayView.xib */; };
		86F9A677205B51340022427B /* FacebookBarBehaviorDefiner.swift in Sources */ = {isa = PBXBuildFile; fileRef = 86F9A66F205B51340022427B /* FacebookBarBehaviorDefiner.swift */; };
		86F9A678205B51340022427B /* FlexibleHeightBar.swift in Sources */ = {isa = PBXBuildFile; fileRef = 86F9A671205B51340022427B /* FlexibleHeightBar.swift */; };
		86F9A679205B51340022427B /* FlexibleHeightBarBehaviorDefiner.swift in Sources */ = {isa = PBXBuildFile; fileRef = 86F9A672205B51340022427B /* FlexibleHeightBarBehaviorDefiner.swift */; };
		86F9A67A205B51340022427B /* FlexibleHeightBarSubviewLayoutAttributes.swift in Sources */ = {isa = PBXBuildFile; fileRef = 86F9A673205B51340022427B /* FlexibleHeightBarSubviewLayoutAttributes.swift */; };
		86F9A67B205B51340022427B /* Info.plist in Resources */ = {isa = PBXBuildFile; fileRef = 86F9A674205B51340022427B /* Info.plist */; };
		86F9A67C205B51340022427B /* SquareCashBarBehaviorDefiner.swift in Sources */ = {isa = PBXBuildFile; fileRef = 86F9A675205B51340022427B /* SquareCashBarBehaviorDefiner.swift */; };
		86F9A67D205B51340022427B /* TableViewDelegateHandler.swift in Sources */ = {isa = PBXBuildFile; fileRef = 86F9A676205B51340022427B /* TableViewDelegateHandler.swift */; };
/* End PBXBuildFile section */

/* Begin PBXContainerItemProxy section */
		46E28CD21F70B8510019CE74 /* PBXContainerItemProxy */ = {
			isa = PBXContainerItemProxy;
			containerPortal = 46E28CB51F70B8510019CE74 /* Project object */;
			proxyType = 1;
			remoteGlobalIDString = 46E28CBC1F70B8510019CE74;
			remoteInfo = HiU;
		};
		46E28CDD1F70B8510019CE74 /* PBXContainerItemProxy */ = {
			isa = PBXContainerItemProxy;
			containerPortal = 46E28CB51F70B8510019CE74 /* Project object */;
			proxyType = 1;
			remoteGlobalIDString = 46E28CBC1F70B8510019CE74;
			remoteInfo = HiU;
		};
/* End PBXContainerItemProxy section */

/* Begin PBXFileReference section */
		00B1B3EE617AD0D195AB1E95 /* Pods-HiUTests.release.xcconfig */ = {isa = PBXFileReference; includeInIndex = 1; lastKnownFileType = text.xcconfig; name = "Pods-HiUTests.release.xcconfig"; path = "Pods/Target Support Files/Pods-HiUTests/Pods-HiUTests.release.xcconfig"; sourceTree = "<group>"; };
		2A48FDC5ECB3D85D3F494231 /* Pods-HiUUITests.release.xcconfig */ = {isa = PBXFileReference; includeInIndex = 1; lastKnownFileType = text.xcconfig; name = "Pods-HiUUITests.release.xcconfig"; path = "Pods/Target Support Files/Pods-HiUUITests/Pods-HiUUITests.release.xcconfig"; sourceTree = "<group>"; };
		366D56E69CF1B56275ECAC0D /* Pods-HiUUITests.debug.xcconfig */ = {isa = PBXFileReference; includeInIndex = 1; lastKnownFileType = text.xcconfig; name = "Pods-HiUUITests.debug.xcconfig"; path = "Pods/Target Support Files/Pods-HiUUITests/Pods-HiUUITests.debug.xcconfig"; sourceTree = "<group>"; };
		4685FCA01F94393E0032CA66 /* Navigation.storyboard */ = {isa = PBXFileReference; fileEncoding = 4; lastKnownFileType = file.storyboard; path = Navigation.storyboard; sourceTree = "<group>"; };
		4685FCA21F943AD60032CA66 /* Login.swift */ = {isa = PBXFileReference; fileEncoding = 4; lastKnownFileType = sourcecode.swift; path = Login.swift; sourceTree = "<group>"; };
		46E28CBD1F70B8510019CE74 /* HiU.app */ = {isa = PBXFileReference; explicitFileType = wrapper.application; includeInIndex = 0; path = HiU.app; sourceTree = BUILT_PRODUCTS_DIR; };
		46E28CC01F70B8510019CE74 /* AppDelegate.swift */ = {isa = PBXFileReference; lastKnownFileType = sourcecode.swift; path = AppDelegate.swift; sourceTree = "<group>"; };
		46E28CC21F70B8510019CE74 /* ViewController.swift */ = {isa = PBXFileReference; lastKnownFileType = sourcecode.swift; path = ViewController.swift; sourceTree = "<group>"; };
		46E28CC51F70B8510019CE74 /* Base */ = {isa = PBXFileReference; lastKnownFileType = file.storyboard; name = Base; path = Base.lproj/Main.storyboard; sourceTree = "<group>"; };
		46E28CC71F70B8510019CE74 /* Assets.xcassets */ = {isa = PBXFileReference; lastKnownFileType = folder.assetcatalog; path = Assets.xcassets; sourceTree = "<group>"; };
		46E28CCA1F70B8510019CE74 /* Base */ = {isa = PBXFileReference; lastKnownFileType = file.storyboard; name = Base; path = Base.lproj/LaunchScreen.storyboard; sourceTree = "<group>"; };
		46E28CCC1F70B8510019CE74 /* Info.plist */ = {isa = PBXFileReference; lastKnownFileType = text.plist.xml; path = Info.plist; sourceTree = "<group>"; };
		46E28CD11F70B8510019CE74 /* HiUTests.xctest */ = {isa = PBXFileReference; explicitFileType = wrapper.cfbundle; includeInIndex = 0; path = HiUTests.xctest; sourceTree = BUILT_PRODUCTS_DIR; };
		46E28CD51F70B8510019CE74 /* HiUTests.swift */ = {isa = PBXFileReference; lastKnownFileType = sourcecode.swift; path = HiUTests.swift; sourceTree = "<group>"; };
		46E28CD71F70B8510019CE74 /* Info.plist */ = {isa = PBXFileReference; lastKnownFileType = text.plist.xml; path = Info.plist; sourceTree = "<group>"; };
		46E28CDC1F70B8510019CE74 /* HiUUITests.xctest */ = {isa = PBXFileReference; explicitFileType = wrapper.cfbundle; includeInIndex = 0; path = HiUUITests.xctest; sourceTree = BUILT_PRODUCTS_DIR; };
		46E28CE01F70B8510019CE74 /* HiUUITests.swift */ = {isa = PBXFileReference; lastKnownFileType = sourcecode.swift; path = HiUUITests.swift; sourceTree = "<group>"; };
		46E28CE21F70B8510019CE74 /* Info.plist */ = {isa = PBXFileReference; lastKnownFileType = text.plist.xml; path = Info.plist; sourceTree = "<group>"; };
		46FCB1881F841FB500A65499 /* Login.storyboard */ = {isa = PBXFileReference; fileEncoding = 4; lastKnownFileType = file.storyboard; path = Login.storyboard; sourceTree = "<group>"; };
		46FCB18C1F85B88900A65499 /* FBSDKCoreKit.framework */ = {isa = PBXFileReference; lastKnownFileType = wrapper.framework; name = FBSDKCoreKit.framework; path = "../../Downloads/FacebookSDKs-iOS-4.27.0/FBSDKCoreKit.framework"; sourceTree = "<group>"; };
		46FCB18D1F85B88900A65499 /* FBSDKLoginKit.framework */ = {isa = PBXFileReference; lastKnownFileType = wrapper.framework; name = FBSDKLoginKit.framework; path = "../../Downloads/FacebookSDKs-iOS-4.27.0/FBSDKLoginKit.framework"; sourceTree = "<group>"; };
		46FCB1F01F8D716900A65499 /* Swift+Gif.swift */ = {isa = PBXFileReference; fileEncoding = 4; lastKnownFileType = sourcecode.swift; path = "Swift+Gif.swift"; sourceTree = "<group>"; };
		580A6A0E23B80C75091F8D26 /* Pods-HiU.debug.xcconfig */ = {isa = PBXFileReference; includeInIndex = 1; lastKnownFileType = text.xcconfig; name = "Pods-HiU.debug.xcconfig"; path = "Pods/Target Support Files/Pods-HiU/Pods-HiU.debug.xcconfig"; sourceTree = "<group>"; };
		645E9C2DC0FA5C51471B62B7 /* Pods-HiUTests.debug.xcconfig */ = {isa = PBXFileReference; includeInIndex = 1; lastKnownFileType = text.xcconfig; name = "Pods-HiUTests.debug.xcconfig"; path = "Pods/Target Support Files/Pods-HiUTests/Pods-HiUTests.debug.xcconfig"; sourceTree = "<group>"; };
		860146302070ECA3008BE48C /* Shared.swift */ = {isa = PBXFileReference; lastKnownFileType = sourcecode.swift; path = Shared.swift; sourceTree = "<group>"; };
		8601496C2070FE12008BE48C /* gi3_3_u.gif */ = {isa = PBXFileReference; lastKnownFileType = image.gif; path = gi3_3_u.gif; sourceTree = "<group>"; };
		8601496D2070FE12008BE48C /* gif_1.gif */ = {isa = PBXFileReference; lastKnownFileType = image.gif; path = gif_1.gif; sourceTree = "<group>"; };
		8601496E2070FE12008BE48C /* gif_2.gif */ = {isa = PBXFileReference; lastKnownFileType = image.gif; path = gif_2.gif; sourceTree = "<group>"; };
		8601496F2070FE12008BE48C /* gif_3.gif */ = {isa = PBXFileReference; lastKnownFileType = image.gif; path = gif_3.gif; sourceTree = "<group>"; };
		860149702070FE12008BE48C /* gif_3_s.gif */ = {isa = PBXFileReference; lastKnownFileType = image.gif; path = gif_3_s.gif; sourceTree = "<group>"; };
		860149712070FE12008BE48C /* gif_4.gif */ = {isa = PBXFileReference; lastKnownFileType = image.gif; path = gif_4.gif; sourceTree = "<group>"; };
		860149722070FE12008BE48C /* gif_smart.gif */ = {isa = PBXFileReference; lastKnownFileType = image.gif; path = gif_smart.gif; sourceTree = "<group>"; };
		860149732070FE12008BE48C /* gif_splash.gif */ = {isa = PBXFileReference; lastKnownFileType = image.gif; path = gif_splash.gif; sourceTree = "<group>"; };
		860149742070FE12008BE48C /* logo 1_2.gif */ = {isa = PBXFileReference; lastKnownFileType = image.gif; path = "logo 1_2.gif"; sourceTree = "<group>"; };
		860149752070FE12008BE48C /* logo1_1.gif */ = {isa = PBXFileReference; lastKnownFileType = image.gif; path = logo1_1.gif; sourceTree = "<group>"; };
		860149762070FE12008BE48C /* logo5.gif */ = {isa = PBXFileReference; lastKnownFileType = image.gif; path = logo5.gif; sourceTree = "<group>"; };
		860149832070FE86008BE48C /* Nanami-Black.otf */ = {isa = PBXFileReference; lastKnownFileType = file; path = "Nanami-Black.otf"; sourceTree = "<group>"; };
		860149842070FE86008BE48C /* Nanami-BlackOblique.otf */ = {isa = PBXFileReference; lastKnownFileType = file; path = "Nanami-BlackOblique.otf"; sourceTree = "<group>"; };
		860149852070FE86008BE48C /* Nanami-Bold.otf */ = {isa = PBXFileReference; lastKnownFileType = file; path = "Nanami-Bold.otf"; sourceTree = "<group>"; };
		860149862070FE86008BE48C /* Nanami-BoldOblique.otf */ = {isa = PBXFileReference; lastKnownFileType = file; path = "Nanami-BoldOblique.otf"; sourceTree = "<group>"; };
		860149872070FE86008BE48C /* Nanami-Book.otf */ = {isa = PBXFileReference; lastKnownFileType = file; path = "Nanami-Book.otf"; sourceTree = "<group>"; };
		860149882070FE86008BE48C /* Nanami-BookOblique.otf */ = {isa = PBXFileReference; lastKnownFileType = file; path = "Nanami-BookOblique.otf"; sourceTree = "<group>"; };
		860149892070FE86008BE48C /* Nanami-ExtraLight.otf */ = {isa = PBXFileReference; lastKnownFileType = file; path = "Nanami-ExtraLight.otf"; sourceTree = "<group>"; };
		8601498A2070FE86008BE48C /* Nanami-ExtraLightOblique.otf */ = {isa = PBXFileReference; lastKnownFileType = file; path = "Nanami-ExtraLightOblique.otf"; sourceTree = "<group>"; };
		8601498B2070FE86008BE48C /* Nanami-Heavy.otf */ = {isa = PBXFileReference; lastKnownFileType = file; path = "Nanami-Heavy.otf"; sourceTree = "<group>"; };
		8601498C2070FE86008BE48C /* Nanami-HeavyOblique.otf */ = {isa = PBXFileReference; lastKnownFileType = file; path = "Nanami-HeavyOblique.otf"; sourceTree = "<group>"; };
		8601498D2070FE86008BE48C /* Nanami-Light.otf */ = {isa = PBXFileReference; lastKnownFileType = file; path = "Nanami-Light.otf"; sourceTree = "<group>"; };
		8601498E2070FE86008BE48C /* Nanami-LightOblique.otf */ = {isa = PBXFileReference; lastKnownFileType = file; path = "Nanami-LightOblique.otf"; sourceTree = "<group>"; };
		8601498F2070FE86008BE48C /* Nanami-OutlineOblique.otf */ = {isa = PBXFileReference; lastKnownFileType = file; path = "Nanami-OutlineOblique.otf"; sourceTree = "<group>"; };
		860149902070FE86008BE48C /* Nanami-OutlineRegular.otf */ = {isa = PBXFileReference; lastKnownFileType = file; path = "Nanami-OutlineRegular.otf"; sourceTree = "<group>"; };
		860149912070FE86008BE48C /* Nanami-Regular.otf */ = {isa = PBXFileReference; lastKnownFileType = file; path = "Nanami-Regular.otf"; sourceTree = "<group>"; };
		860149922070FE86008BE48C /* Nanami-RegularOblique.otf */ = {isa = PBXFileReference; lastKnownFileType = file; path = "Nanami-RegularOblique.otf"; sourceTree = "<group>"; };
		860149932070FE86008BE48C /* Nanami-Thin.otf */ = {isa = PBXFileReference; lastKnownFileType = file; path = "Nanami-Thin.otf"; sourceTree = "<group>"; };
		860149942070FE86008BE48C /* Nanami-ThinOblique.otf */ = {isa = PBXFileReference; lastKnownFileType = file; path = "Nanami-ThinOblique.otf"; sourceTree = "<group>"; };
		860149A72071039D008BE48C /* MessageInitialTableViewCell.swift */ = {isa = PBXFileReference; lastKnownFileType = sourcecode.swift; path = MessageInitialTableViewCell.swift; sourceTree = "<group>"; };
		860149A920710E91008BE48C /* MessageLuckyNameTableViewCell.swift */ = {isa = PBXFileReference; lastKnownFileType = sourcecode.swift; path = MessageLuckyNameTableViewCell.swift; sourceTree = "<group>"; };
		861842BE20821E72004E76FB /* MessageTableViewCell.swift */ = {isa = PBXFileReference; lastKnownFileType = sourcecode.swift; path = MessageTableViewCell.swift; sourceTree = "<group>"; };
		86199A2420AE0C34002295D1 /* CharityViewController.swift */ = {isa = PBXFileReference; lastKnownFileType = sourcecode.swift; path = CharityViewController.swift; sourceTree = "<group>"; };
		8696B2B720926AF0002F1C31 /* MessageNextTableViewCell.swift */ = {isa = PBXFileReference; lastKnownFileType = sourcecode.swift; path = MessageNextTableViewCell.swift; sourceTree = "<group>"; };
		86B4546420040F1000BD6133 /* Localizable.strings */ = {isa = PBXFileReference; lastKnownFileType = text.plist.strings; path = Localizable.strings; sourceTree = "<group>"; };
		86B5DBE6208FC5C000601CC0 /* MessageValueTableViewCell.swift */ = {isa = PBXFileReference; lastKnownFileType = sourcecode.swift; path = MessageValueTableViewCell.swift; sourceTree = "<group>"; };
		86B5DBE8208FCD0200601CC0 /* NiceButton.swift */ = {isa = PBXFileReference; fileEncoding = 4; lastKnownFileType = sourcecode.swift; path = NiceButton.swift; sourceTree = "<group>"; };
		86BC19C82045DE4A00B84785 /* DashboardModal.swift */ = {isa = PBXFileReference; fileEncoding = 4; lastKnownFileType = sourcecode.swift; path = DashboardModal.swift; sourceTree = "<group>"; };
		86BC19CB2045DE9F00B84785 /* DashboardTableViewCell.swift */ = {isa = PBXFileReference; fileEncoding = 4; lastKnownFileType = sourcecode.swift; path = DashboardTableViewCell.swift; sourceTree = "<group>"; };
		86BC19CF2045DF5000B84785 /* DashboardViewController.swift */ = {isa = PBXFileReference; fileEncoding = 4; lastKnownFileType = sourcecode.swift; path = DashboardViewController.swift; sourceTree = "<group>"; };
		86BC19D02045DF5000B84785 /* DashboardCategoryViewController.swift */ = {isa = PBXFileReference; fileEncoding = 4; lastKnownFileType = sourcecode.swift; path = DashboardCategoryViewController.swift; sourceTree = "<group>"; };
		86BC19D12045DF5000B84785 /* MenuViewController.swift */ = {isa = PBXFileReference; fileEncoding = 4; lastKnownFileType = sourcecode.swift; path = MenuViewController.swift; sourceTree = "<group>"; };
		86BC19D22045DF5000B84785 /* DashboardCountryViewController.swift */ = {isa = PBXFileReference; fileEncoding = 4; lastKnownFileType = sourcecode.swift; path = DashboardCountryViewController.swift; sourceTree = "<group>"; };
		86BC19D32045DF5000B84785 /* DashboardNameViewController.swift */ = {isa = PBXFileReference; fileEncoding = 4; lastKnownFileType = sourcecode.swift; path = DashboardNameViewController.swift; sourceTree = "<group>"; };
		86BC19D92045E3CC00B84785 /* Helper.swift */ = {isa = PBXFileReference; fileEncoding = 4; lastKnownFileType = sourcecode.swift; path = Helper.swift; sourceTree = "<group>"; };
		86C8FE00204F1EF700D5B9D6 /* FlexibleHeightBar.framework */ = {isa = PBXFileReference; lastKnownFileType = wrapper.framework; name = FlexibleHeightBar.framework; path = HiU/Framework/FlexibleHeightBar.framework; sourceTree = "<group>"; };
		86C8FE04204F21F500D5B9D6 /* MessageViewController.swift */ = {isa = PBXFileReference; lastKnownFileType = sourcecode.swift; path = MessageViewController.swift; sourceTree = "<group>"; };
		86F937AD20B4A50D008065CC /* CustomOverlayView.swift */ = {isa = PBXFileReference; fileEncoding = 4; lastKnownFileType = sourcecode.swift; path = CustomOverlayView.swift; sourceTree = "<group>"; };
		86F937AE20B4A50D008065CC /* CustomKolodaView.swift */ = {isa = PBXFileReference; fileEncoding = 4; lastKnownFileType = sourcecode.swift; path = CustomKolodaView.swift; sourceTree = "<group>"; };
		86F937AF20B4A50D008065CC /* CustomOverlayView.xib */ = {isa = PBXFileReference; fileEncoding = 4; lastKnownFileType = file.xib; path = CustomOverlayView.xib; sourceTree = "<group>"; };
		86F9A66F205B51340022427B /* FacebookBarBehaviorDefiner.swift */ = {isa = PBXFileReference; fileEncoding = 4; lastKnownFileType = sourcecode.swift; path = FacebookBarBehaviorDefiner.swift; sourceTree = "<group>"; };
		86F9A670205B51340022427B /* FlexibleHeightBar.h */ = {isa = PBXFileReference; fileEncoding = 4; lastKnownFileType = sourcecode.c.h; path = FlexibleHeightBar.h; sourceTree = "<group>"; };
		86F9A671205B51340022427B /* FlexibleHeightBar.swift */ = {isa = PBXFileReference; fileEncoding = 4; lastKnownFileType = sourcecode.swift; path = FlexibleHeightBar.swift; sourceTree = "<group>"; };
		86F9A672205B51340022427B /* FlexibleHeightBarBehaviorDefiner.swift */ = {isa = PBXFileReference; fileEncoding = 4; lastKnownFileType = sourcecode.swift; path = FlexibleHeightBarBehaviorDefiner.swift; sourceTree = "<group>"; };
		86F9A673205B51340022427B /* FlexibleHeightBarSubviewLayoutAttributes.swift */ = {isa = PBXFileReference; fileEncoding = 4; lastKnownFileType = sourcecode.swift; path = FlexibleHeightBarSubviewLayoutAttributes.swift; sourceTree = "<group>"; };
		86F9A674205B51340022427B /* Info.plist */ = {isa = PBXFileReference; fileEncoding = 4; lastKnownFileType = text.plist.xml; path = Info.plist; sourceTree = "<group>"; };
		86F9A675205B51340022427B /* SquareCashBarBehaviorDefiner.swift */ = {isa = PBXFileReference; fileEncoding = 4; lastKnownFileType = sourcecode.swift; path = SquareCashBarBehaviorDefiner.swift; sourceTree = "<group>"; };
		86F9A676205B51340022427B /* TableViewDelegateHandler.swift */ = {isa = PBXFileReference; fileEncoding = 4; lastKnownFileType = sourcecode.swift; path = TableViewDelegateHandler.swift; sourceTree = "<group>"; };
		A708D0A3E65BAFB7F0D2E490 /* Pods_HiU_HiUTests.framework */ = {isa = PBXFileReference; explicitFileType = wrapper.framework; includeInIndex = 0; path = Pods_HiU_HiUTests.framework; sourceTree = BUILT_PRODUCTS_DIR; };
		A95CABD2F47B9150B449306F /* Pods-HiU.release.xcconfig */ = {isa = PBXFileReference; includeInIndex = 1; lastKnownFileType = text.xcconfig; name = "Pods-HiU.release.xcconfig"; path = "Pods/Target Support Files/Pods-HiU/Pods-HiU.release.xcconfig"; sourceTree = "<group>"; };
		BD2B38C9B68E15737DE4FE95 /* Pods_HiUUITests.framework */ = {isa = PBXFileReference; explicitFileType = wrapper.framework; includeInIndex = 0; path = Pods_HiUUITests.framework; sourceTree = BUILT_PRODUCTS_DIR; };
		DD617EF0C449BE33C238E3D3 /* Pods_HiU.framework */ = {isa = PBXFileReference; explicitFileType = wrapper.framework; includeInIndex = 0; path = Pods_HiU.framework; sourceTree = BUILT_PRODUCTS_DIR; };
		EA1C2B01E93259C98BB96B0F /* Pods_HiUTests.framework */ = {isa = PBXFileReference; explicitFileType = wrapper.framework; includeInIndex = 0; path = Pods_HiUTests.framework; sourceTree = BUILT_PRODUCTS_DIR; };
		EE4C534D129A92DF4C8E6771 /* Pods_HiU_HiUUITests.framework */ = {isa = PBXFileReference; explicitFileType = wrapper.framework; includeInIndex = 0; path = Pods_HiU_HiUUITests.framework; sourceTree = BUILT_PRODUCTS_DIR; };
/* End PBXFileReference section */

/* Begin PBXFrameworksBuildPhase section */
		46E28CBA1F70B8510019CE74 /* Frameworks */ = {
			isa = PBXFrameworksBuildPhase;
			buildActionMask = 2147483647;
			files = (
				2CB9E9B6ED8CC3136333AA16 /* Pods_HiU.framework in Frameworks */,
			);
			runOnlyForDeploymentPostprocessing = 0;
		};
		46E28CCE1F70B8510019CE74 /* Frameworks */ = {
			isa = PBXFrameworksBuildPhase;
			buildActionMask = 2147483647;
			files = (
			);
			runOnlyForDeploymentPostprocessing = 0;
		};
		46E28CD91F70B8510019CE74 /* Frameworks */ = {
			isa = PBXFrameworksBuildPhase;
			buildActionMask = 2147483647;
			files = (
			);
			runOnlyForDeploymentPostprocessing = 0;
		};
/* End PBXFrameworksBuildPhase section */

/* Begin PBXGroup section */
		46E28CB41F70B8510019CE74 = {
			isa = PBXGroup;
			children = (
				46E28CBF1F70B8510019CE74 /* HiU */,
				46E28CD41F70B8510019CE74 /* HiUTests */,
				46E28CDF1F70B8510019CE74 /* HiUUITests */,
				46E28CBE1F70B8510019CE74 /* Products */,
				D8EE01B245385A0EC3952CCE /* Pods */,
				E122822E021600A514C0C395 /* Frameworks */,
			);
			sourceTree = "<group>";
		};
		46E28CBE1F70B8510019CE74 /* Products */ = {
			isa = PBXGroup;
			children = (
				46E28CBD1F70B8510019CE74 /* HiU.app */,
				46E28CD11F70B8510019CE74 /* HiUTests.xctest */,
				46E28CDC1F70B8510019CE74 /* HiUUITests.xctest */,
			);
			name = Products;
			sourceTree = "<group>";
		};
		46E28CBF1F70B8510019CE74 /* HiU */ = {
			isa = PBXGroup;
			children = (
				86BC19CE2045DF0F00B84785 /* ViewControllers */,
				86BC19CD2045DEB500B84785 /* Utility */,
				86BC19CA2045DE6700B84785 /* ViewCell */,
				86BC19C72045DDE800B84785 /* ModalClass */,
				46FCB1841F83F1FE00A65499 /* Home */,
				46FCB1851F83F1FE00A65499 /* Navegacion */,
				46FCB1821F83061000A65499 /* Login */,
				46E28CEE1F70BB7A0019CE74 /* Resourses */,
				46E28CC01F70B8510019CE74 /* AppDelegate.swift */,
				46FCB1F01F8D716900A65499 /* Swift+Gif.swift */,
				46E28CC21F70B8510019CE74 /* ViewController.swift */,
				46E28CC41F70B8510019CE74 /* Main.storyboard */,
				46E28CC71F70B8510019CE74 /* Assets.xcassets */,
				46E28CC91F70B8510019CE74 /* LaunchScreen.storyboard */,
				46E28CCC1F70B8510019CE74 /* Info.plist */,
			);
			path = HiU;
			sourceTree = "<group>";
		};
		46E28CD41F70B8510019CE74 /* HiUTests */ = {
			isa = PBXGroup;
			children = (
				46E28CD51F70B8510019CE74 /* HiUTests.swift */,
				46E28CD71F70B8510019CE74 /* Info.plist */,
			);
			path = HiUTests;
			sourceTree = "<group>";
		};
		46E28CDF1F70B8510019CE74 /* HiUUITests */ = {
			isa = PBXGroup;
			children = (
				46E28CE01F70B8510019CE74 /* HiUUITests.swift */,
				46E28CE21F70B8510019CE74 /* Info.plist */,
			);
			path = HiUUITests;
			sourceTree = "<group>";
		};
		46E28CEE1F70BB7A0019CE74 /* Resourses */ = {
			isa = PBXGroup;
			children = (
				860149822070FE86008BE48C /* fonts */,
				8601496B2070FE12008BE48C /* video */,
				86B4546420040F1000BD6133 /* Localizable.strings */,
			);
			path = Resourses;
			sourceTree = "<group>";
		};
		46FCB1821F83061000A65499 /* Login */ = {
			isa = PBXGroup;
			children = (
				46FCB1881F841FB500A65499 /* Login.storyboard */,
				4685FCA21F943AD60032CA66 /* Login.swift */,
			);
			path = Login;
			sourceTree = "<group>";
		};
		46FCB1841F83F1FE00A65499 /* Home */ = {
			isa = PBXGroup;
			children = (
			);
			path = Home;
			sourceTree = "<group>";
		};
		46FCB1851F83F1FE00A65499 /* Navegacion */ = {
			isa = PBXGroup;
			children = (
				4685FCA01F94393E0032CA66 /* Navigation.storyboard */,
			);
			path = Navegacion;
			sourceTree = "<group>";
		};
		8601496B2070FE12008BE48C /* video */ = {
			isa = PBXGroup;
			children = (
				8601496C2070FE12008BE48C /* gi3_3_u.gif */,
				8601496D2070FE12008BE48C /* gif_1.gif */,
				8601496E2070FE12008BE48C /* gif_2.gif */,
				8601496F2070FE12008BE48C /* gif_3.gif */,
				860149702070FE12008BE48C /* gif_3_s.gif */,
				860149712070FE12008BE48C /* gif_4.gif */,
				860149722070FE12008BE48C /* gif_smart.gif */,
				860149732070FE12008BE48C /* gif_splash.gif */,
				860149742070FE12008BE48C /* logo 1_2.gif */,
				860149752070FE12008BE48C /* logo1_1.gif */,
				860149762070FE12008BE48C /* logo5.gif */,
			);
			path = video;
			sourceTree = "<group>";
		};
		860149822070FE86008BE48C /* fonts */ = {
			isa = PBXGroup;
			children = (
				860149832070FE86008BE48C /* Nanami-Black.otf */,
				860149842070FE86008BE48C /* Nanami-BlackOblique.otf */,
				860149852070FE86008BE48C /* Nanami-Bold.otf */,
				860149862070FE86008BE48C /* Nanami-BoldOblique.otf */,
				860149872070FE86008BE48C /* Nanami-Book.otf */,
				860149882070FE86008BE48C /* Nanami-BookOblique.otf */,
				860149892070FE86008BE48C /* Nanami-ExtraLight.otf */,
				8601498A2070FE86008BE48C /* Nanami-ExtraLightOblique.otf */,
				8601498B2070FE86008BE48C /* Nanami-Heavy.otf */,
				8601498C2070FE86008BE48C /* Nanami-HeavyOblique.otf */,
				8601498D2070FE86008BE48C /* Nanami-Light.otf */,
				8601498E2070FE86008BE48C /* Nanami-LightOblique.otf */,
				8601498F2070FE86008BE48C /* Nanami-OutlineOblique.otf */,
				860149902070FE86008BE48C /* Nanami-OutlineRegular.otf */,
				860149912070FE86008BE48C /* Nanami-Regular.otf */,
				860149922070FE86008BE48C /* Nanami-RegularOblique.otf */,
				860149932070FE86008BE48C /* Nanami-Thin.otf */,
				860149942070FE86008BE48C /* Nanami-ThinOblique.otf */,
			);
			path = fonts;
			sourceTree = "<group>";
		};
		86BC19C72045DDE800B84785 /* ModalClass */ = {
			isa = PBXGroup;
			children = (
				86BC19C82045DE4A00B84785 /* DashboardModal.swift */,
				860146302070ECA3008BE48C /* Shared.swift */,
			);
			path = ModalClass;
			sourceTree = "<group>";
		};
		86BC19CA2045DE6700B84785 /* ViewCell */ = {
			isa = PBXGroup;
			children = (
				86BC19CB2045DE9F00B84785 /* DashboardTableViewCell.swift */,
				860149A72071039D008BE48C /* MessageInitialTableViewCell.swift */,
				860149A920710E91008BE48C /* MessageLuckyNameTableViewCell.swift */,
				861842BE20821E72004E76FB /* MessageTableViewCell.swift */,
				86B5DBE6208FC5C000601CC0 /* MessageValueTableViewCell.swift */,
				8696B2B720926AF0002F1C31 /* MessageNextTableViewCell.swift */,
			);
			path = ViewCell;
			sourceTree = "<group>";
		};
		86BC19CD2045DEB500B84785 /* Utility */ = {
			isa = PBXGroup;
			children = (
				86F937AE20B4A50D008065CC /* CustomKolodaView.swift */,
				86F937AD20B4A50D008065CC /* CustomOverlayView.swift */,
				86F937AF20B4A50D008065CC /* CustomOverlayView.xib */,
				86B5DBE8208FCD0200601CC0 /* NiceButton.swift */,
				86F9A66E205B51340022427B /* FlexibleHeightBar */,
				86BC19D92045E3CC00B84785 /* Helper.swift */,
			);
			path = Utility;
			sourceTree = "<group>";
		};
		86BC19CE2045DF0F00B84785 /* ViewControllers */ = {
			isa = PBXGroup;
			children = (
				86199A2420AE0C34002295D1 /* CharityViewController.swift */,
				86BC19D02045DF5000B84785 /* DashboardCategoryViewController.swift */,
				86BC19D22045DF5000B84785 /* DashboardCountryViewController.swift */,
				86BC19D32045DF5000B84785 /* DashboardNameViewController.swift */,
				86BC19CF2045DF5000B84785 /* DashboardViewController.swift */,
				86BC19D12045DF5000B84785 /* MenuViewController.swift */,
				86C8FE04204F21F500D5B9D6 /* MessageViewController.swift */,
			);
			path = ViewControllers;
			sourceTree = "<group>";
		};
		86F9A66E205B51340022427B /* FlexibleHeightBar */ = {
			isa = PBXGroup;
			children = (
				86F9A66F205B51340022427B /* FacebookBarBehaviorDefiner.swift */,
				86F9A670205B51340022427B /* FlexibleHeightBar.h */,
				86F9A671205B51340022427B /* FlexibleHeightBar.swift */,
				86F9A672205B51340022427B /* FlexibleHeightBarBehaviorDefiner.swift */,
				86F9A673205B51340022427B /* FlexibleHeightBarSubviewLayoutAttributes.swift */,
				86F9A674205B51340022427B /* Info.plist */,
				86F9A675205B51340022427B /* SquareCashBarBehaviorDefiner.swift */,
				86F9A676205B51340022427B /* TableViewDelegateHandler.swift */,
			);
			path = FlexibleHeightBar;
			sourceTree = "<group>";
		};
		D8EE01B245385A0EC3952CCE /* Pods */ = {
			isa = PBXGroup;
			children = (
				46FCB18C1F85B88900A65499 /* FBSDKCoreKit.framework */,
				46FCB18D1F85B88900A65499 /* FBSDKLoginKit.framework */,
				580A6A0E23B80C75091F8D26 /* Pods-HiU.debug.xcconfig */,
				A95CABD2F47B9150B449306F /* Pods-HiU.release.xcconfig */,
				645E9C2DC0FA5C51471B62B7 /* Pods-HiUTests.debug.xcconfig */,
				00B1B3EE617AD0D195AB1E95 /* Pods-HiUTests.release.xcconfig */,
				366D56E69CF1B56275ECAC0D /* Pods-HiUUITests.debug.xcconfig */,
				2A48FDC5ECB3D85D3F494231 /* Pods-HiUUITests.release.xcconfig */,
			);
			name = Pods;
			sourceTree = "<group>";
		};
		E122822E021600A514C0C395 /* Frameworks */ = {
			isa = PBXGroup;
			children = (
				86C8FE00204F1EF700D5B9D6 /* FlexibleHeightBar.framework */,
				DD617EF0C449BE33C238E3D3 /* Pods_HiU.framework */,
				EA1C2B01E93259C98BB96B0F /* Pods_HiUTests.framework */,
				BD2B38C9B68E15737DE4FE95 /* Pods_HiUUITests.framework */,
				A708D0A3E65BAFB7F0D2E490 /* Pods_HiU_HiUTests.framework */,
				EE4C534D129A92DF4C8E6771 /* Pods_HiU_HiUUITests.framework */,
			);
			name = Frameworks;
			sourceTree = "<group>";
		};
/* End PBXGroup section */

/* Begin PBXNativeTarget section */
		46E28CBC1F70B8510019CE74 /* HiU */ = {
			isa = PBXNativeTarget;
			buildConfigurationList = 46E28CE51F70B8510019CE74 /* Build configuration list for PBXNativeTarget "HiU" */;
			buildPhases = (
				1E48A95F2B51650A2020AA1A /* [CP] Check Pods Manifest.lock */,
				46E28CB91F70B8510019CE74 /* Sources */,
				46E28CBA1F70B8510019CE74 /* Frameworks */,
				46E28CBB1F70B8510019CE74 /* Resources */,
				F1FFFAEBA724DAE590AAA871 /* [CP] Embed Pods Frameworks */,
				8F3C627898B91DC9DB69CFEC /* [CP] Copy Pods Resources */,
			);
			buildRules = (
			);
			dependencies = (
			);
			name = HiU;
			productName = HiU;
			productReference = 46E28CBD1F70B8510019CE74 /* HiU.app */;
			productType = "com.apple.product-type.application";
		};
		46E28CD01F70B8510019CE74 /* HiUTests */ = {
			isa = PBXNativeTarget;
			buildConfigurationList = 46E28CE81F70B8510019CE74 /* Build configuration list for PBXNativeTarget "HiUTests" */;
			buildPhases = (
				46E28CCD1F70B8510019CE74 /* Sources */,
				46E28CCE1F70B8510019CE74 /* Frameworks */,
				46E28CCF1F70B8510019CE74 /* Resources */,
			);
			buildRules = (
			);
			dependencies = (
				46E28CD31F70B8510019CE74 /* PBXTargetDependency */,
			);
			name = HiUTests;
			productName = HiUTests;
			productReference = 46E28CD11F70B8510019CE74 /* HiUTests.xctest */;
			productType = "com.apple.product-type.bundle.unit-test";
		};
		46E28CDB1F70B8510019CE74 /* HiUUITests */ = {
			isa = PBXNativeTarget;
			buildConfigurationList = 46E28CEB1F70B8510019CE74 /* Build configuration list for PBXNativeTarget "HiUUITests" */;
			buildPhases = (
				46E28CD81F70B8510019CE74 /* Sources */,
				46E28CD91F70B8510019CE74 /* Frameworks */,
				46E28CDA1F70B8510019CE74 /* Resources */,
			);
			buildRules = (
			);
			dependencies = (
				46E28CDE1F70B8510019CE74 /* PBXTargetDependency */,
			);
			name = HiUUITests;
			productName = HiUUITests;
			productReference = 46E28CDC1F70B8510019CE74 /* HiUUITests.xctest */;
			productType = "com.apple.product-type.bundle.ui-testing";
		};
/* End PBXNativeTarget section */

/* Begin PBXProject section */
		46E28CB51F70B8510019CE74 /* Project object */ = {
			isa = PBXProject;
			attributes = {
				LastSwiftUpdateCheck = 0830;
				LastUpgradeCheck = 0830;
				ORGANIZATIONNAME = developer;
				TargetAttributes = {
					46E28CBC1F70B8510019CE74 = {
						CreatedOnToolsVersion = 8.3.3;
						LastSwiftMigration = 0920;
						ProvisioningStyle = Manual;
					};
					46E28CD01F70B8510019CE74 = {
						CreatedOnToolsVersion = 8.3.3;
						DevelopmentTeam = QJ2J594DEH;
						ProvisioningStyle = Automatic;
						TestTargetID = 46E28CBC1F70B8510019CE74;
					};
					46E28CDB1F70B8510019CE74 = {
						CreatedOnToolsVersion = 8.3.3;
						DevelopmentTeam = QJ2J594DEH;
						ProvisioningStyle = Automatic;
						TestTargetID = 46E28CBC1F70B8510019CE74;
					};
				};
			};
			buildConfigurationList = 46E28CB81F70B8510019CE74 /* Build configuration list for PBXProject "HiU" */;
			compatibilityVersion = "Xcode 3.2";
			developmentRegion = English;
			hasScannedForEncodings = 0;
			knownRegions = (
				en,
				Base,
			);
			mainGroup = 46E28CB41F70B8510019CE74;
			productRefGroup = 46E28CBE1F70B8510019CE74 /* Products */;
			projectDirPath = "";
			projectRoot = "";
			targets = (
				46E28CBC1F70B8510019CE74 /* HiU */,
				46E28CD01F70B8510019CE74 /* HiUTests */,
				46E28CDB1F70B8510019CE74 /* HiUUITests */,
			);
		};
/* End PBXProject section */

/* Begin PBXResourcesBuildPhase section */
		46E28CBB1F70B8510019CE74 /* Resources */ = {
			isa = PBXResourcesBuildPhase;
			buildActionMask = 2147483647;
			files = (
				860149A12070FE86008BE48C /* Nanami-OutlineOblique.otf in Resources */,
				860149982070FE86008BE48C /* Nanami-BoldOblique.otf in Resources */,
				8601497C2070FE12008BE48C /* gif_4.gif in Resources */,
				860149A22070FE86008BE48C /* Nanami-OutlineRegular.otf in Resources */,
				8601499D2070FE86008BE48C /* Nanami-Heavy.otf in Resources */,
				8601499A2070FE86008BE48C /* Nanami-BookOblique.otf in Resources */,
				8601497D2070FE12008BE48C /* gif_smart.gif in Resources */,
				8601499E2070FE86008BE48C /* Nanami-HeavyOblique.otf in Resources */,
				8601497E2070FE12008BE48C /* gif_splash.gif in Resources */,
				860149972070FE86008BE48C /* Nanami-Bold.otf in Resources */,
				860149A62070FE86008BE48C /* Nanami-ThinOblique.otf in Resources */,
				860149A42070FE86008BE48C /* Nanami-RegularOblique.otf in Resources */,
				860149A02070FE86008BE48C /* Nanami-LightOblique.otf in Resources */,
				860149952070FE86008BE48C /* Nanami-Black.otf in Resources */,
				8601499F2070FE86008BE48C /* Nanami-Light.otf in Resources */,
				8601497F2070FE12008BE48C /* logo 1_2.gif in Resources */,
				860149772070FE12008BE48C /* gi3_3_u.gif in Resources */,
				860149802070FE12008BE48C /* logo1_1.gif in Resources */,
				8601497B2070FE12008BE48C /* gif_3_s.gif in Resources */,
				860149782070FE12008BE48C /* gif_1.gif in Resources */,
				860149962070FE86008BE48C /* Nanami-BlackOblique.otf in Resources */,
				860149792070FE12008BE48C /* gif_2.gif in Resources */,
				4685FCA11F94393E0032CA66 /* Navigation.storyboard in Resources */,
				86F9A67B205B51340022427B /* Info.plist in Resources */,
				46E28CCB1F70B8510019CE74 /* LaunchScreen.storyboard in Resources */,
				8601499C2070FE86008BE48C /* Nanami-ExtraLightOblique.otf in Resources */,
				860149992070FE86008BE48C /* Nanami-Book.otf in Resources */,
				8601497A2070FE12008BE48C /* gif_3.gif in Resources */,
				86F937B220B4A50D008065CC /* CustomOverlayView.xib in Resources */,
				860149A32070FE86008BE48C /* Nanami-Regular.otf in Resources */,
				860149812070FE12008BE48C /* logo5.gif in Resources */,
				46E28CC81F70B8510019CE74 /* Assets.xcassets in Resources */,
				46E28CC61F70B8510019CE74 /* Main.storyboard in Resources */,
				860149A52070FE86008BE48C /* Nanami-Thin.otf in Resources */,
				86B4546520040F1000BD6133 /* Localizable.strings in Resources */,
				46FCB1891F841FB500A65499 /* Login.storyboard in Resources */,
				8601499B2070FE86008BE48C /* Nanami-ExtraLight.otf in Resources */,
			);
			runOnlyForDeploymentPostprocessing = 0;
		};
		46E28CCF1F70B8510019CE74 /* Resources */ = {
			isa = PBXResourcesBuildPhase;
			buildActionMask = 2147483647;
			files = (
			);
			runOnlyForDeploymentPostprocessing = 0;
		};
		46E28CDA1F70B8510019CE74 /* Resources */ = {
			isa = PBXResourcesBuildPhase;
			buildActionMask = 2147483647;
			files = (
			);
			runOnlyForDeploymentPostprocessing = 0;
		};
/* End PBXResourcesBuildPhase section */

/* Begin PBXShellScriptBuildPhase section */
		1E48A95F2B51650A2020AA1A /* [CP] Check Pods Manifest.lock */ = {
			isa = PBXShellScriptBuildPhase;
			buildActionMask = 2147483647;
			files = (
			);
			inputPaths = (
				"${PODS_PODFILE_DIR_PATH}/Podfile.lock",
				"${PODS_ROOT}/Manifest.lock",
			);
			name = "[CP] Check Pods Manifest.lock";
			outputPaths = (
				"$(DERIVED_FILE_DIR)/Pods-HiU-checkManifestLockResult.txt",
			);
			runOnlyForDeploymentPostprocessing = 0;
			shellPath = /bin/sh;
			shellScript = "diff \"${PODS_PODFILE_DIR_PATH}/Podfile.lock\" \"${PODS_ROOT}/Manifest.lock\" > /dev/null\nif [ $? != 0 ] ; then\n    # print error to STDERR\n    echo \"error: The sandbox is not in sync with the Podfile.lock. Run 'pod install' or update your CocoaPods installation.\" >&2\n    exit 1\nfi\n# This output is used by Xcode 'outputs' to avoid re-running this script phase.\necho \"SUCCESS\" > \"${SCRIPT_OUTPUT_FILE_0}\"\n";
			showEnvVarsInLog = 0;
		};
		8F3C627898B91DC9DB69CFEC /* [CP] Copy Pods Resources */ = {
			isa = PBXShellScriptBuildPhase;
			buildActionMask = 2147483647;
			files = (
			);
			inputPaths = (
			);
			name = "[CP] Copy Pods Resources";
			outputPaths = (
			);
			runOnlyForDeploymentPostprocessing = 0;
			shellPath = /bin/sh;
			shellScript = "\"${SRCROOT}/Pods/Target Support Files/Pods-HiU/Pods-HiU-resources.sh\"\n";
			showEnvVarsInLog = 0;
		};
		F1FFFAEBA724DAE590AAA871 /* [CP] Embed Pods Frameworks */ = {
			isa = PBXShellScriptBuildPhase;
			buildActionMask = 2147483647;
			files = (
			);
			inputPaths = (
				"${SRCROOT}/Pods/Target Support Files/Pods-HiU/Pods-HiU-frameworks.sh",
				"${BUILT_PRODUCTS_DIR}/AWSAuthCore/AWSAuthCore.framework",
				"${BUILT_PRODUCTS_DIR}/AWSAuthUI/AWSAuthUI.framework",
				"${BUILT_PRODUCTS_DIR}/AWSCognitoIdentityProvider/AWSCognitoIdentityProvider.framework",
				"${BUILT_PRODUCTS_DIR}/AWSCognitoIdentityProviderASF/AWSCognitoIdentityProviderASF.framework",
				"${BUILT_PRODUCTS_DIR}/AWSCore/AWSCore.framework",
				"${BUILT_PRODUCTS_DIR}/AWSFacebookSignIn/AWSFacebookSignIn.framework",
				"${BUILT_PRODUCTS_DIR}/AWSPinpoint/AWSPinpoint.framework",
				"${BUILT_PRODUCTS_DIR}/AWSUserPoolsSignIn/AWSUserPoolsSignIn.framework",
				"${BUILT_PRODUCTS_DIR}/Bolts/Bolts.framework",
				"${BUILT_PRODUCTS_DIR}/DropDown/DropDown.framework",
				"${BUILT_PRODUCTS_DIR}/FBSDKCoreKit/FBSDKCoreKit.framework",
				"${BUILT_PRODUCTS_DIR}/FBSDKLoginKit/FBSDKLoginKit.framework",
				"${BUILT_PRODUCTS_DIR}/Koloda/Koloda.framework",
				"${BUILT_PRODUCTS_DIR}/MGCollapsingHeader/MGCollapsingHeader.framework",
				"${BUILT_PRODUCTS_DIR}/SlideMenuControllerSwift/SlideMenuControllerSwift.framework",
				"${BUILT_PRODUCTS_DIR}/SwiftGifOrigin/SwiftGifOrigin.framework",
				"${BUILT_PRODUCTS_DIR}/TLYShyNavBar/TLYShyNavBar.framework",
				"${BUILT_PRODUCTS_DIR}/pop/pop.framework",
			);
			name = "[CP] Embed Pods Frameworks";
			outputPaths = (
				"${TARGET_BUILD_DIR}/${FRAMEWORKS_FOLDER_PATH}/AWSAuthCore.framework",
				"${TARGET_BUILD_DIR}/${FRAMEWORKS_FOLDER_PATH}/AWSAuthUI.framework",
				"${TARGET_BUILD_DIR}/${FRAMEWORKS_FOLDER_PATH}/AWSCognitoIdentityProvider.framework",
				"${TARGET_BUILD_DIR}/${FRAMEWORKS_FOLDER_PATH}/AWSCognitoIdentityProviderASF.framework",
				"${TARGET_BUILD_DIR}/${FRAMEWORKS_FOLDER_PATH}/AWSCore.framework",
				"${TARGET_BUILD_DIR}/${FRAMEWORKS_FOLDER_PATH}/AWSFacebookSignIn.framework",
				"${TARGET_BUILD_DIR}/${FRAMEWORKS_FOLDER_PATH}/AWSPinpoint.framework",
				"${TARGET_BUILD_DIR}/${FRAMEWORKS_FOLDER_PATH}/AWSUserPoolsSignIn.framework",
				"${TARGET_BUILD_DIR}/${FRAMEWORKS_FOLDER_PATH}/Bolts.framework",
				"${TARGET_BUILD_DIR}/${FRAMEWORKS_FOLDER_PATH}/DropDown.framework",
				"${TARGET_BUILD_DIR}/${FRAMEWORKS_FOLDER_PATH}/FBSDKCoreKit.framework",
				"${TARGET_BUILD_DIR}/${FRAMEWORKS_FOLDER_PATH}/FBSDKLoginKit.framework",
				"${TARGET_BUILD_DIR}/${FRAMEWORKS_FOLDER_PATH}/Koloda.framework",
				"${TARGET_BUILD_DIR}/${FRAMEWORKS_FOLDER_PATH}/MGCollapsingHeader.framework",
				"${TARGET_BUILD_DIR}/${FRAMEWORKS_FOLDER_PATH}/SlideMenuControllerSwift.framework",
				"${TARGET_BUILD_DIR}/${FRAMEWORKS_FOLDER_PATH}/SwiftGifOrigin.framework",
				"${TARGET_BUILD_DIR}/${FRAMEWORKS_FOLDER_PATH}/TLYShyNavBar.framework",
				"${TARGET_BUILD_DIR}/${FRAMEWORKS_FOLDER_PATH}/pop.framework",
			);
			runOnlyForDeploymentPostprocessing = 0;
			shellPath = /bin/sh;
			shellScript = "\"${SRCROOT}/Pods/Target Support Files/Pods-HiU/Pods-HiU-frameworks.sh\"\n";
			showEnvVarsInLog = 0;
		};
/* End PBXShellScriptBuildPhase section */

/* Begin PBXSourcesBuildPhase section */
		46E28CB91F70B8510019CE74 /* Sources */ = {
			isa = PBXSourcesBuildPhase;
			buildActionMask = 2147483647;
			files = (
				86F9A67A205B51340022427B /* FlexibleHeightBarSubviewLayoutAttributes.swift in Sources */,
				860149AA20710E91008BE48C /* MessageLuckyNameTableViewCell.swift in Sources */,
				86F937B020B4A50D008065CC /* CustomOverlayView.swift in Sources */,
				86BC19CC2045DE9F00B84785 /* DashboardTableViewCell.swift in Sources */,
				86F9A67D205B51340022427B /* TableViewDelegateHandler.swift in Sources */,
				8696B2B820926AF0002F1C31 /* MessageNextTableViewCell.swift in Sources */,
				86F9A678205B51340022427B /* FlexibleHeightBar.swift in Sources */,
				86C8FE05204F21F500D5B9D6 /* MessageViewController.swift in Sources */,
				86BC19D42045DF5000B84785 /* DashboardViewController.swift in Sources */,
				86BC19D82045DF5000B84785 /* DashboardNameViewController.swift in Sources */,
				46FCB1F11F8D716900A65499 /* Swift+Gif.swift in Sources */,
				86BC19C92045DE4A00B84785 /* DashboardModal.swift in Sources */,
				86F9A679205B51340022427B /* FlexibleHeightBarBehaviorDefiner.swift in Sources */,
				860146312070ECA3008BE48C /* Shared.swift in Sources */,
				860149A82071039D008BE48C /* MessageInitialTableViewCell.swift in Sources */,
				86BC19D72045DF5000B84785 /* DashboardCountryViewController.swift in Sources */,
				86BC19D62045DF5000B84785 /* MenuViewController.swift in Sources */,
				46E28CC31F70B8510019CE74 /* ViewController.swift in Sources */,
				86BC19D52045DF5000B84785 /* DashboardCategoryViewController.swift in Sources */,
				86F9A677205B51340022427B /* FacebookBarBehaviorDefiner.swift in Sources */,
				46E28CC11F70B8510019CE74 /* AppDelegate.swift in Sources */,
				861842BF20821E72004E76FB /* MessageTableViewCell.swift in Sources */,
				86B5DBE9208FCD0200601CC0 /* NiceButton.swift in Sources */,
				4685FCA31F943AD60032CA66 /* Login.swift in Sources */,
				86BC19DA2045E3CC00B84785 /* Helper.swift in Sources */,
				86F937B120B4A50D008065CC /* CustomKolodaView.swift in Sources */,
				86199A2520AE0C34002295D1 /* CharityViewController.swift in Sources */,
				86F9A67C205B51340022427B /* SquareCashBarBehaviorDefiner.swift in Sources */,
				86B5DBE7208FC5C000601CC0 /* MessageValueTableViewCell.swift in Sources */,
			);
			runOnlyForDeploymentPostprocessing = 0;
		};
		46E28CCD1F70B8510019CE74 /* Sources */ = {
			isa = PBXSourcesBuildPhase;
			buildActionMask = 2147483647;
			files = (
				46E28CD61F70B8510019CE74 /* HiUTests.swift in Sources */,
			);
			runOnlyForDeploymentPostprocessing = 0;
		};
		46E28CD81F70B8510019CE74 /* Sources */ = {
			isa = PBXSourcesBuildPhase;
			buildActionMask = 2147483647;
			files = (
				46E28CE11F70B8510019CE74 /* HiUUITests.swift in Sources */,
			);
			runOnlyForDeploymentPostprocessing = 0;
		};
/* End PBXSourcesBuildPhase section */

/* Begin PBXTargetDependency section */
		46E28CD31F70B8510019CE74 /* PBXTargetDependency */ = {
			isa = PBXTargetDependency;
			target = 46E28CBC1F70B8510019CE74 /* HiU */;
			targetProxy = 46E28CD21F70B8510019CE74 /* PBXContainerItemProxy */;
		};
		46E28CDE1F70B8510019CE74 /* PBXTargetDependency */ = {
			isa = PBXTargetDependency;
			target = 46E28CBC1F70B8510019CE74 /* HiU */;
			targetProxy = 46E28CDD1F70B8510019CE74 /* PBXContainerItemProxy */;
		};
/* End PBXTargetDependency section */

/* Begin PBXVariantGroup section */
		46E28CC41F70B8510019CE74 /* Main.storyboard */ = {
			isa = PBXVariantGroup;
			children = (
				46E28CC51F70B8510019CE74 /* Base */,
			);
			name = Main.storyboard;
			sourceTree = "<group>";
		};
		46E28CC91F70B8510019CE74 /* LaunchScreen.storyboard */ = {
			isa = PBXVariantGroup;
			children = (
				46E28CCA1F70B8510019CE74 /* Base */,
			);
			name = LaunchScreen.storyboard;
			sourceTree = "<group>";
		};
/* End PBXVariantGroup section */

/* Begin XCBuildConfiguration section */
		46E28CE31F70B8510019CE74 /* Debug */ = {
			isa = XCBuildConfiguration;
			buildSettings = {
				ALWAYS_SEARCH_USER_PATHS = NO;
				CLANG_ANALYZER_NONNULL = YES;
				CLANG_ANALYZER_NUMBER_OBJECT_CONVERSION = YES_AGGRESSIVE;
				CLANG_CXX_LANGUAGE_STANDARD = "gnu++0x";
				CLANG_CXX_LIBRARY = "libc++";
				CLANG_ENABLE_MODULES = YES;
				CLANG_ENABLE_OBJC_ARC = YES;
				CLANG_WARN_BOOL_CONVERSION = YES;
				CLANG_WARN_CONSTANT_CONVERSION = YES;
				CLANG_WARN_DIRECT_OBJC_ISA_USAGE = YES_ERROR;
				CLANG_WARN_DOCUMENTATION_COMMENTS = YES;
				CLANG_WARN_EMPTY_BODY = YES;
				CLANG_WARN_ENUM_CONVERSION = YES;
				CLANG_WARN_INFINITE_RECURSION = YES;
				CLANG_WARN_INT_CONVERSION = YES;
				CLANG_WARN_OBJC_ROOT_CLASS = YES_ERROR;
				CLANG_WARN_SUSPICIOUS_MOVE = YES;
				CLANG_WARN_UNREACHABLE_CODE = YES;
				CLANG_WARN__DUPLICATE_METHOD_MATCH = YES;
				"CODE_SIGN_IDENTITY[sdk=iphoneos*]" = "iPhone Developer";
				COPY_PHASE_STRIP = NO;
				DEBUG_INFORMATION_FORMAT = dwarf;
				ENABLE_STRICT_OBJC_MSGSEND = YES;
				ENABLE_TESTABILITY = YES;
				GCC_C_LANGUAGE_STANDARD = gnu99;
				GCC_DYNAMIC_NO_PIC = NO;
				GCC_NO_COMMON_BLOCKS = YES;
				GCC_OPTIMIZATION_LEVEL = 0;
				GCC_PREPROCESSOR_DEFINITIONS = (
					"DEBUG=1",
					"$(inherited)",
				);
				GCC_WARN_64_TO_32_BIT_CONVERSION = YES;
				GCC_WARN_ABOUT_RETURN_TYPE = YES_ERROR;
				GCC_WARN_UNDECLARED_SELECTOR = YES;
				GCC_WARN_UNINITIALIZED_AUTOS = YES_AGGRESSIVE;
				GCC_WARN_UNUSED_FUNCTION = YES;
				GCC_WARN_UNUSED_VARIABLE = YES;
				IPHONEOS_DEPLOYMENT_TARGET = 10.3;
				MTL_ENABLE_DEBUG_INFO = YES;
				ONLY_ACTIVE_ARCH = YES;
				SDKROOT = iphoneos;
				SWIFT_ACTIVE_COMPILATION_CONDITIONS = DEBUG;
				SWIFT_OPTIMIZATION_LEVEL = "-Onone";
				TARGETED_DEVICE_FAMILY = "1,2";
			};
			name = Debug;
		};
		46E28CE41F70B8510019CE74 /* Release */ = {
			isa = XCBuildConfiguration;
			buildSettings = {
				ALWAYS_SEARCH_USER_PATHS = NO;
				CLANG_ANALYZER_NONNULL = YES;
				CLANG_ANALYZER_NUMBER_OBJECT_CONVERSION = YES_AGGRESSIVE;
				CLANG_CXX_LANGUAGE_STANDARD = "gnu++0x";
				CLANG_CXX_LIBRARY = "libc++";
				CLANG_ENABLE_MODULES = YES;
				CLANG_ENABLE_OBJC_ARC = YES;
				CLANG_WARN_BOOL_CONVERSION = YES;
				CLANG_WARN_CONSTANT_CONVERSION = YES;
				CLANG_WARN_DIRECT_OBJC_ISA_USAGE = YES_ERROR;
				CLANG_WARN_DOCUMENTATION_COMMENTS = YES;
				CLANG_WARN_EMPTY_BODY = YES;
				CLANG_WARN_ENUM_CONVERSION = YES;
				CLANG_WARN_INFINITE_RECURSION = YES;
				CLANG_WARN_INT_CONVERSION = YES;
				CLANG_WARN_OBJC_ROOT_CLASS = YES_ERROR;
				CLANG_WARN_SUSPICIOUS_MOVE = YES;
				CLANG_WARN_UNREACHABLE_CODE = YES;
				CLANG_WARN__DUPLICATE_METHOD_MATCH = YES;
				"CODE_SIGN_IDENTITY[sdk=iphoneos*]" = "iPhone Developer";
				COPY_PHASE_STRIP = NO;
				DEBUG_INFORMATION_FORMAT = "dwarf-with-dsym";
				ENABLE_NS_ASSERTIONS = NO;
				ENABLE_STRICT_OBJC_MSGSEND = YES;
				GCC_C_LANGUAGE_STANDARD = gnu99;
				GCC_NO_COMMON_BLOCKS = YES;
				GCC_WARN_64_TO_32_BIT_CONVERSION = YES;
				GCC_WARN_ABOUT_RETURN_TYPE = YES_ERROR;
				GCC_WARN_UNDECLARED_SELECTOR = YES;
				GCC_WARN_UNINITIALIZED_AUTOS = YES_AGGRESSIVE;
				GCC_WARN_UNUSED_FUNCTION = YES;
				GCC_WARN_UNUSED_VARIABLE = YES;
				IPHONEOS_DEPLOYMENT_TARGET = 10.3;
				MTL_ENABLE_DEBUG_INFO = NO;
				SDKROOT = iphoneos;
				SWIFT_OPTIMIZATION_LEVEL = "-Owholemodule";
				TARGETED_DEVICE_FAMILY = "1,2";
				VALIDATE_PRODUCT = YES;
			};
			name = Release;
		};
		46E28CE61F70B8510019CE74 /* Debug */ = {
			isa = XCBuildConfiguration;
			baseConfigurationReference = 580A6A0E23B80C75091F8D26 /* Pods-HiU.debug.xcconfig */;
			buildSettings = {
				ASSETCATALOG_COMPILER_APPICON_NAME = AppIcon;
				CLANG_ENABLE_MODULES = YES;
				CODE_SIGN_STYLE = Manual;
				DEVELOPMENT_TEAM = "";
				FRAMEWORK_SEARCH_PATHS = (
					"$(inherited)",
					"$(PROJECT_DIR)/HiU/Framework",
				);
				INFOPLIST_FILE = HiU/Info.plist;
				IPHONEOS_DEPLOYMENT_TARGET = 10.3;
				LD_RUNPATH_SEARCH_PATHS = "$(inherited) @executable_path/Frameworks";
				PRODUCT_BUNDLE_IDENTIFIER = com.HiU;
				PRODUCT_NAME = "$(TARGET_NAME)";
				PROVISIONING_PROFILE_SPECIFIER = "";
				SWIFT_OBJC_BRIDGING_HEADER = "";
				SWIFT_OPTIMIZATION_LEVEL = "-Onone";
				SWIFT_VERSION = 3.0;
			};
			name = Debug;
		};
		46E28CE71F70B8510019CE74 /* Release */ = {
			isa = XCBuildConfiguration;
			baseConfigurationReference = A95CABD2F47B9150B449306F /* Pods-HiU.release.xcconfig */;
			buildSettings = {
				ASSETCATALOG_COMPILER_APPICON_NAME = AppIcon;
				CLANG_ENABLE_MODULES = YES;
				CODE_SIGN_STYLE = Manual;
				DEVELOPMENT_TEAM = "";
				FRAMEWORK_SEARCH_PATHS = (
					"$(inherited)",
					"$(PROJECT_DIR)/HiU/Framework",
				);
				INFOPLIST_FILE = HiU/Info.plist;
				IPHONEOS_DEPLOYMENT_TARGET = 10.3;
				LD_RUNPATH_SEARCH_PATHS = "$(inherited) @executable_path/Frameworks";
				PRODUCT_BUNDLE_IDENTIFIER = com.HiU;
				PRODUCT_NAME = "$(TARGET_NAME)";
				PROVISIONING_PROFILE_SPECIFIER = "";
				SWIFT_OBJC_BRIDGING_HEADER = "";
				SWIFT_VERSION = 3.0;
			};
			name = Release;
		};
		46E28CE91F70B8510019CE74 /* Debug */ = {
			isa = XCBuildConfiguration;
			buildSettings = {
				ALWAYS_EMBED_SWIFT_STANDARD_LIBRARIES = YES;
				BUNDLE_LOADER = "$(TEST_HOST)";
				DEVELOPMENT_TEAM = QJ2J594DEH;
				INFOPLIST_FILE = HiUTests/Info.plist;
				LD_RUNPATH_SEARCH_PATHS = "$(inherited) @executable_path/Frameworks @loader_path/Frameworks";
				PRODUCT_BUNDLE_IDENTIFIER = com.HiUTests;
				PRODUCT_NAME = "$(TARGET_NAME)";
				SWIFT_VERSION = 3.0;
				TEST_HOST = "$(BUILT_PRODUCTS_DIR)/HiU.app/HiU";
			};
			name = Debug;
		};
		46E28CEA1F70B8510019CE74 /* Release */ = {
			isa = XCBuildConfiguration;
			buildSettings = {
				ALWAYS_EMBED_SWIFT_STANDARD_LIBRARIES = YES;
				BUNDLE_LOADER = "$(TEST_HOST)";
				DEVELOPMENT_TEAM = QJ2J594DEH;
				INFOPLIST_FILE = HiUTests/Info.plist;
				LD_RUNPATH_SEARCH_PATHS = "$(inherited) @executable_path/Frameworks @loader_path/Frameworks";
				PRODUCT_BUNDLE_IDENTIFIER = com.HiUTests;
				PRODUCT_NAME = "$(TARGET_NAME)";
				SWIFT_VERSION = 3.0;
				TEST_HOST = "$(BUILT_PRODUCTS_DIR)/HiU.app/HiU";
			};
			name = Release;
		};
		46E28CEC1F70B8510019CE74 /* Debug */ = {
			isa = XCBuildConfiguration;
			buildSettings = {
				ALWAYS_EMBED_SWIFT_STANDARD_LIBRARIES = YES;
				DEVELOPMENT_TEAM = QJ2J594DEH;
				INFOPLIST_FILE = HiUUITests/Info.plist;
				LD_RUNPATH_SEARCH_PATHS = "$(inherited) @executable_path/Frameworks @loader_path/Frameworks";
				PRODUCT_BUNDLE_IDENTIFIER = com.HiUUITests;
				PRODUCT_NAME = "$(TARGET_NAME)";
				SWIFT_VERSION = 3.0;
				TEST_TARGET_NAME = HiU;
			};
			name = Debug;
		};
		46E28CED1F70B8510019CE74 /* Release */ = {
			isa = XCBuildConfiguration;
			buildSettings = {
				ALWAYS_EMBED_SWIFT_STANDARD_LIBRARIES = YES;
				DEVELOPMENT_TEAM = QJ2J594DEH;
				INFOPLIST_FILE = HiUUITests/Info.plist;
				LD_RUNPATH_SEARCH_PATHS = "$(inherited) @executable_path/Frameworks @loader_path/Frameworks";
				PRODUCT_BUNDLE_IDENTIFIER = com.HiUUITests;
				PRODUCT_NAME = "$(TARGET_NAME)";
				SWIFT_VERSION = 3.0;
				TEST_TARGET_NAME = HiU;
			};
			name = Release;
		};
/* End XCBuildConfiguration section */

/* Begin XCConfigurationList section */
		46E28CB81F70B8510019CE74 /* Build configuration list for PBXProject "HiU" */ = {
			isa = XCConfigurationList;
			buildConfigurations = (
				46E28CE31F70B8510019CE74 /* Debug */,
				46E28CE41F70B8510019CE74 /* Release */,
			);
			defaultConfigurationIsVisible = 0;
			defaultConfigurationName = Release;
		};
		46E28CE51F70B8510019CE74 /* Build configuration list for PBXNativeTarget "HiU" */ = {
			isa = XCConfigurationList;
			buildConfigurations = (
				46E28CE61F70B8510019CE74 /* Debug */,
				46E28CE71F70B8510019CE74 /* Release */,
			);
			defaultConfigurationIsVisible = 0;
			defaultConfigurationName = Release;
		};
		46E28CE81F70B8510019CE74 /* Build configuration list for PBXNativeTarget "HiUTests" */ = {
			isa = XCConfigurationList;
			buildConfigurations = (
				46E28CE91F70B8510019CE74 /* Debug */,
				46E28CEA1F70B8510019CE74 /* Release */,
			);
			defaultConfigurationIsVisible = 0;
			defaultConfigurationName = Release;
		};
		46E28CEB1F70B8510019CE74 /* Build configuration list for PBXNativeTarget "HiUUITests" */ = {
			isa = XCConfigurationList;
			buildConfigurations = (
				46E28CEC1F70B8510019CE74 /* Debug */,
				46E28CED1F70B8510019CE74 /* Release */,
			);
			defaultConfigurationIsVisible = 0;
			defaultConfigurationName = Release;
		};
/* End XCConfigurationList section */
	};
	rootObject = 46E28CB51F70B8510019CE74 /* Project object */;
}
